// !$*UTF8*$!
{
	archiveVersion = 1;
	classes = {
	};
	objectVersion = 52;
	objects = {

/* Begin PBXBuildFile section */
		9C00E56C26D9742A009570D3 /* ProductDetailViewController.swift in Sources */ = {isa = PBXBuildFile; fileRef = 9C00E56B26D9742A009570D3 /* ProductDetailViewController.swift */; };
		9C00E57326D97663009570D3 /* Banner.swift in Sources */ = {isa = PBXBuildFile; fileRef = 9C00E57226D97663009570D3 /* Banner.swift */; };
		9C00E57526D9F7CD009570D3 /* ImageData.swift in Sources */ = {isa = PBXBuildFile; fileRef = 9C00E57426D9F7CD009570D3 /* ImageData.swift */; };
		9C00E57926DA8B86009570D3 /* Ext+UIView.swift in Sources */ = {isa = PBXBuildFile; fileRef = 9C00E57826DA8B86009570D3 /* Ext+UIView.swift */; };
		9C00E57B26DA8E14009570D3 /* OrderViewController.swift in Sources */ = {isa = PBXBuildFile; fileRef = 9C00E57A26DA8E14009570D3 /* OrderViewController.swift */; };
		9C00E57F26DA907F009570D3 /* OrderCell.swift in Sources */ = {isa = PBXBuildFile; fileRef = 9C00E57E26DA907F009570D3 /* OrderCell.swift */; };
		9C096C4826D6C2EA00EBE935 /* ProductCell.swift in Sources */ = {isa = PBXBuildFile; fileRef = 9C096C4726D6C2EA00EBE935 /* ProductCell.swift */; };
		9C096C4A26D76E8000EBE935 /* QuantityControlView.swift in Sources */ = {isa = PBXBuildFile; fileRef = 9C096C4926D76E8000EBE935 /* QuantityControlView.swift */; };
		9C096C4C26D76E9000EBE935 /* QuantityControlView.xib in Resources */ = {isa = PBXBuildFile; fileRef = 9C096C4B26D76E9000EBE935 /* QuantityControlView.xib */; };
		9C096C4E26D7C0CC00EBE935 /* ProductHeaderCollectionReusableView.swift in Sources */ = {isa = PBXBuildFile; fileRef = 9C096C4D26D7C0CB00EBE935 /* ProductHeaderCollectionReusableView.swift */; };
		9C096C8626D80B2B00EBE935 /* BannerCell.swift in Sources */ = {isa = PBXBuildFile; fileRef = 9C096C8526D80B2B00EBE935 /* BannerCell.swift */; };
		9C096C8826D813D400EBE935 /* OrderManager.swift in Sources */ = {isa = PBXBuildFile; fileRef = 9C096C8726D813D400EBE935 /* OrderManager.swift */; };
		9C096C8A26D8152300EBE935 /* Order.swift in Sources */ = {isa = PBXBuildFile; fileRef = 9C096C8926D8152300EBE935 /* Order.swift */; };
		9C3757F826D55B050013D5F1 /* AppDelegate.swift in Sources */ = {isa = PBXBuildFile; fileRef = 9C3757F726D55B050013D5F1 /* AppDelegate.swift */; };
		9C3757FA26D55B050013D5F1 /* SceneDelegate.swift in Sources */ = {isa = PBXBuildFile; fileRef = 9C3757F926D55B050013D5F1 /* SceneDelegate.swift */; };
		9C3757FC26D55B050013D5F1 /* HomeViewController.swift in Sources */ = {isa = PBXBuildFile; fileRef = 9C3757FB26D55B050013D5F1 /* HomeViewController.swift */; };
		9C3757FF26D55B050013D5F1 /* Main.storyboard in Resources */ = {isa = PBXBuildFile; fileRef = 9C3757FD26D55B050013D5F1 /* Main.storyboard */; };
		9C37580126D55B0A0013D5F1 /* Assets.xcassets in Resources */ = {isa = PBXBuildFile; fileRef = 9C37580026D55B0A0013D5F1 /* Assets.xcassets */; };
		9C37580426D55B0A0013D5F1 /* LaunchScreen.storyboard in Resources */ = {isa = PBXBuildFile; fileRef = 9C37580226D55B0A0013D5F1 /* LaunchScreen.storyboard */; };
		9C37580C26D55DD90013D5F1 /* APIService.swift in Sources */ = {isa = PBXBuildFile; fileRef = 9C37580B26D55DD90013D5F1 /* APIService.swift */; };
		9C37580E26D57CEF0013D5F1 /* Product.swift in Sources */ = {isa = PBXBuildFile; fileRef = 9C37580D26D57CEF0013D5F1 /* Product.swift */; };
		9CC480EF26D6ABE300FFF068 /* Alamofire in Frameworks */ = {isa = PBXBuildFile; productRef = 9CC480EE26D6ABE300FFF068 /* Alamofire */; };
		9CC480F126D6AC6600FFF068 /* PhotoManager.swift in Sources */ = {isa = PBXBuildFile; fileRef = 9CC480F026D6AC6600FFF068 /* PhotoManager.swift */; };
/* End PBXBuildFile section */

/* Begin PBXFileReference section */
		9C00E56B26D9742A009570D3 /* ProductDetailViewController.swift */ = {isa = PBXFileReference; lastKnownFileType = sourcecode.swift; path = ProductDetailViewController.swift; sourceTree = "<group>"; };
		9C00E57226D97663009570D3 /* Banner.swift */ = {isa = PBXFileReference; lastKnownFileType = sourcecode.swift; path = Banner.swift; sourceTree = "<group>"; };
		9C00E57426D9F7CD009570D3 /* ImageData.swift */ = {isa = PBXFileReference; lastKnownFileType = sourcecode.swift; path = ImageData.swift; sourceTree = "<group>"; };
		9C00E57826DA8B86009570D3 /* Ext+UIView.swift */ = {isa = PBXFileReference; lastKnownFileType = sourcecode.swift; path = "Ext+UIView.swift"; sourceTree = "<group>"; };
		9C00E57A26DA8E14009570D3 /* OrderViewController.swift */ = {isa = PBXFileReference; lastKnownFileType = sourcecode.swift; path = OrderViewController.swift; sourceTree = "<group>"; };
		9C00E57E26DA907F009570D3 /* OrderCell.swift */ = {isa = PBXFileReference; lastKnownFileType = sourcecode.swift; path = OrderCell.swift; sourceTree = "<group>"; };
		9C00E58026DA996F009570D3 /* test.playground */ = {isa = PBXFileReference; lastKnownFileType = file.playground; path = test.playground; sourceTree = "<group>"; xcLanguageSpecificationIdentifier = xcode.lang.swift; };
		9C096C4726D6C2EA00EBE935 /* ProductCell.swift */ = {isa = PBXFileReference; lastKnownFileType = sourcecode.swift; path = ProductCell.swift; sourceTree = "<group>"; };
		9C096C4926D76E8000EBE935 /* QuantityControlView.swift */ = {isa = PBXFileReference; lastKnownFileType = sourcecode.swift; path = QuantityControlView.swift; sourceTree = "<group>"; };
		9C096C4B26D76E9000EBE935 /* QuantityControlView.xib */ = {isa = PBXFileReference; lastKnownFileType = file.xib; path = QuantityControlView.xib; sourceTree = "<group>"; };
		9C096C4D26D7C0CB00EBE935 /* ProductHeaderCollectionReusableView.swift */ = {isa = PBXFileReference; lastKnownFileType = sourcecode.swift; path = ProductHeaderCollectionReusableView.swift; sourceTree = "<group>"; };
		9C096C8526D80B2B00EBE935 /* BannerCell.swift */ = {isa = PBXFileReference; lastKnownFileType = sourcecode.swift; path = BannerCell.swift; sourceTree = "<group>"; };
		9C096C8726D813D400EBE935 /* OrderManager.swift */ = {isa = PBXFileReference; lastKnownFileType = sourcecode.swift; path = OrderManager.swift; sourceTree = "<group>"; };
		9C096C8926D8152300EBE935 /* Order.swift */ = {isa = PBXFileReference; lastKnownFileType = sourcecode.swift; path = Order.swift; sourceTree = "<group>"; };
		9C3757F426D55B050013D5F1 /* PaulStore.app */ = {isa = PBXFileReference; explicitFileType = wrapper.application; includeInIndex = 0; path = PaulStore.app; sourceTree = BUILT_PRODUCTS_DIR; };
		9C3757F726D55B050013D5F1 /* AppDelegate.swift */ = {isa = PBXFileReference; lastKnownFileType = sourcecode.swift; path = AppDelegate.swift; sourceTree = "<group>"; };
		9C3757F926D55B050013D5F1 /* SceneDelegate.swift */ = {isa = PBXFileReference; lastKnownFileType = sourcecode.swift; path = SceneDelegate.swift; sourceTree = "<group>"; };
		9C3757FB26D55B050013D5F1 /* HomeViewController.swift */ = {isa = PBXFileReference; lastKnownFileType = sourcecode.swift; path = HomeViewController.swift; sourceTree = "<group>"; };
		9C3757FE26D55B050013D5F1 /* Base */ = {isa = PBXFileReference; lastKnownFileType = file.storyboard; name = Base; path = Base.lproj/Main.storyboard; sourceTree = "<group>"; };
		9C37580026D55B0A0013D5F1 /* Assets.xcassets */ = {isa = PBXFileReference; lastKnownFileType = folder.assetcatalog; path = Assets.xcassets; sourceTree = "<group>"; };
		9C37580326D55B0A0013D5F1 /* Base */ = {isa = PBXFileReference; lastKnownFileType = file.storyboard; name = Base; path = Base.lproj/LaunchScreen.storyboard; sourceTree = "<group>"; };
		9C37580526D55B0A0013D5F1 /* Info.plist */ = {isa = PBXFileReference; lastKnownFileType = text.plist.xml; path = Info.plist; sourceTree = "<group>"; };
		9C37580B26D55DD90013D5F1 /* APIService.swift */ = {isa = PBXFileReference; lastKnownFileType = sourcecode.swift; path = APIService.swift; sourceTree = "<group>"; };
		9C37580D26D57CEF0013D5F1 /* Product.swift */ = {isa = PBXFileReference; lastKnownFileType = sourcecode.swift; path = Product.swift; sourceTree = "<group>"; };
		9CC480EB26D6AB0700FFF068 /* zh-Hant */ = {isa = PBXFileReference; lastKnownFileType = text.plist.strings; name = "zh-Hant"; path = "zh-Hant.lproj/Main.strings"; sourceTree = "<group>"; };
		9CC480EC26D6AB0700FFF068 /* zh-Hant */ = {isa = PBXFileReference; lastKnownFileType = text.plist.strings; name = "zh-Hant"; path = "zh-Hant.lproj/LaunchScreen.strings"; sourceTree = "<group>"; };
		9CC480F026D6AC6600FFF068 /* PhotoManager.swift */ = {isa = PBXFileReference; lastKnownFileType = sourcecode.swift; path = PhotoManager.swift; sourceTree = "<group>"; };
/* End PBXFileReference section */

/* Begin PBXFrameworksBuildPhase section */
		9C3757F126D55B050013D5F1 /* Frameworks */ = {
			isa = PBXFrameworksBuildPhase;
			buildActionMask = 2147483647;
			files = (
				9CC480EF26D6ABE300FFF068 /* Alamofire in Frameworks */,
			);
			runOnlyForDeploymentPostprocessing = 0;
		};
/* End PBXFrameworksBuildPhase section */

/* Begin PBXGroup section */
		9C00E56A26D9740B009570D3 /* Controllers */ = {
			isa = PBXGroup;
			children = (
				9C00E56B26D9742A009570D3 /* ProductDetailViewController.swift */,
				9C3757FB26D55B050013D5F1 /* HomeViewController.swift */,
				9C00E57A26DA8E14009570D3 /* OrderViewController.swift */,
			);
			path = Controllers;
			sourceTree = "<group>";
		};
		9C00E56D26D9759D009570D3 /* Views */ = {
			isa = PBXGroup;
			children = (
				9C096C4D26D7C0CB00EBE935 /* ProductHeaderCollectionReusableView.swift */,
				9C096C4726D6C2EA00EBE935 /* ProductCell.swift */,
				9C096C8526D80B2B00EBE935 /* BannerCell.swift */,
				9C096C4926D76E8000EBE935 /* QuantityControlView.swift */,
				9C096C4B26D76E9000EBE935 /* QuantityControlView.xib */,
				9C00E57E26DA907F009570D3 /* OrderCell.swift */,
			);
			path = Views;
			sourceTree = "<group>";
		};
		9C00E56E26D975A3009570D3 /* Models */ = {
			isa = PBXGroup;
			children = (
				9C37580D26D57CEF0013D5F1 /* Product.swift */,
				9C096C8926D8152300EBE935 /* Order.swift */,
				9C00E57226D97663009570D3 /* Banner.swift */,
				9C00E57426D9F7CD009570D3 /* ImageData.swift */,
			);
			path = Models;
			sourceTree = "<group>";
		};
		9C00E56F26D975AC009570D3 /* Helper */ = {
			isa = PBXGroup;
			children = (
				9C096C8726D813D400EBE935 /* OrderManager.swift */,
				9C37580B26D55DD90013D5F1 /* APIService.swift */,
				9CC480F026D6AC6600FFF068 /* PhotoManager.swift */,
			);
			path = Helper;
			sourceTree = "<group>";
		};
		9C00E57026D975B4009570D3 /* Extension */ = {
			isa = PBXGroup;
			children = (
				9C00E57826DA8B86009570D3 /* Ext+UIView.swift */,
			);
			path = Extension;
			sourceTree = "<group>";
		};
		9C00E57126D975C4009570D3 /* Resource */ = {
			isa = PBXGroup;
			children = (
				9C3757F726D55B050013D5F1 /* AppDelegate.swift */,
				9C3757F926D55B050013D5F1 /* SceneDelegate.swift */,
				9C3757FD26D55B050013D5F1 /* Main.storyboard */,
				9C37580026D55B0A0013D5F1 /* Assets.xcassets */,
				9C37580226D55B0A0013D5F1 /* LaunchScreen.storyboard */,
			);
			path = Resource;
			sourceTree = "<group>";
		};
		9C3757EB26D55B050013D5F1 = {
			isa = PBXGroup;
			children = (
				9C3757F626D55B050013D5F1 /* PaulStore */,
				9C3757F526D55B050013D5F1 /* Products */,
			);
			sourceTree = "<group>";
		};
		9C3757F526D55B050013D5F1 /* Products */ = {
			isa = PBXGroup;
			children = (
				9C3757F426D55B050013D5F1 /* PaulStore.app */,
			);
			name = Products;
			sourceTree = "<group>";
		};
		9C3757F626D55B050013D5F1 /* PaulStore */ = {
			isa = PBXGroup;
			children = (
				9C00E58026DA996F009570D3 /* test.playground */,
				9C00E57126D975C4009570D3 /* Resource */,
				9C00E57026D975B4009570D3 /* Extension */,
				9C00E56F26D975AC009570D3 /* Helper */,
				9C00E56E26D975A3009570D3 /* Models */,
				9C00E56D26D9759D009570D3 /* Views */,
				9C00E56A26D9740B009570D3 /* Controllers */,
				9C37580526D55B0A0013D5F1 /* Info.plist */,
			);
			path = PaulStore;
			sourceTree = "<group>";
		};
/* End PBXGroup section */

/* Begin PBXNativeTarget section */
		9C3757F326D55B050013D5F1 /* PaulStore */ = {
			isa = PBXNativeTarget;
			buildConfigurationList = 9C37580826D55B0A0013D5F1 /* Build configuration list for PBXNativeTarget "PaulStore" */;
			buildPhases = (
				9C3757F026D55B050013D5F1 /* Sources */,
				9C3757F126D55B050013D5F1 /* Frameworks */,
				9C3757F226D55B050013D5F1 /* Resources */,
			);
			buildRules = (
			);
			dependencies = (
			);
			name = PaulStore;
			packageProductDependencies = (
				9CC480EE26D6ABE300FFF068 /* Alamofire */,
			);
			productName = PaulStore;
			productReference = 9C3757F426D55B050013D5F1 /* PaulStore.app */;
			productType = "com.apple.product-type.application";
		};
/* End PBXNativeTarget section */

/* Begin PBXProject section */
		9C3757EC26D55B050013D5F1 /* Project object */ = {
			isa = PBXProject;
			attributes = {
				LastSwiftUpdateCheck = 1250;
				LastUpgradeCheck = 1250;
				TargetAttributes = {
					9C3757F326D55B050013D5F1 = {
						CreatedOnToolsVersion = 12.5.1;
					};
				};
			};
			buildConfigurationList = 9C3757EF26D55B050013D5F1 /* Build configuration list for PBXProject "PaulStore" */;
			compatibilityVersion = "Xcode 9.3";
			developmentRegion = en;
			hasScannedForEncodings = 0;
			knownRegions = (
				en,
				Base,
				"zh-Hant",
			);
			mainGroup = 9C3757EB26D55B050013D5F1;
			packageReferences = (
				9CC480ED26D6ABE300FFF068 /* XCRemoteSwiftPackageReference "Alamofire" */,
			);
			productRefGroup = 9C3757F526D55B050013D5F1 /* Products */;
			projectDirPath = "";
			projectRoot = "";
			targets = (
				9C3757F326D55B050013D5F1 /* PaulStore */,
			);
		};
/* End PBXProject section */

/* Begin PBXResourcesBuildPhase section */
		9C3757F226D55B050013D5F1 /* Resources */ = {
			isa = PBXResourcesBuildPhase;
			buildActionMask = 2147483647;
			files = (
				9C096C4C26D76E9000EBE935 /* QuantityControlView.xib in Resources */,
				9C37580426D55B0A0013D5F1 /* LaunchScreen.storyboard in Resources */,
				9C37580126D55B0A0013D5F1 /* Assets.xcassets in Resources */,
				9C3757FF26D55B050013D5F1 /* Main.storyboard in Resources */,
			);
			runOnlyForDeploymentPostprocessing = 0;
		};
/* End PBXResourcesBuildPhase section */

/* Begin PBXSourcesBuildPhase section */
		9C3757F026D55B050013D5F1 /* Sources */ = {
			isa = PBXSourcesBuildPhase;
			buildActionMask = 2147483647;
			files = (
				9C096C8826D813D400EBE935 /* OrderManager.swift in Sources */,
				9C096C4A26D76E8000EBE935 /* QuantityControlView.swift in Sources */,
				9C096C8626D80B2B00EBE935 /* BannerCell.swift in Sources */,
				9CC480F126D6AC6600FFF068 /* PhotoManager.swift in Sources */,
				9C00E57F26DA907F009570D3 /* OrderCell.swift in Sources */,
				9C00E56C26D9742A009570D3 /* ProductDetailViewController.swift in Sources */,
				9C3757FC26D55B050013D5F1 /* HomeViewController.swift in Sources */,
				9C37580C26D55DD90013D5F1 /* APIService.swift in Sources */,
				9C096C8A26D8152300EBE935 /* Order.swift in Sources */,
				9C00E57B26DA8E14009570D3 /* OrderViewController.swift in Sources */,
				9C00E57526D9F7CD009570D3 /* ImageData.swift in Sources */,
				9C37580E26D57CEF0013D5F1 /* Product.swift in Sources */,
				9C3757F826D55B050013D5F1 /* AppDelegate.swift in Sources */,
				9C096C4826D6C2EA00EBE935 /* ProductCell.swift in Sources */,
				9C00E57326D97663009570D3 /* Banner.swift in Sources */,
				9C3757FA26D55B050013D5F1 /* SceneDelegate.swift in Sources */,
				9C00E57926DA8B86009570D3 /* Ext+UIView.swift in Sources */,
				9C096C4E26D7C0CC00EBE935 /* ProductHeaderCollectionReusableView.swift in Sources */,
			);
			runOnlyForDeploymentPostprocessing = 0;
		};
/* End PBXSourcesBuildPhase section */

/* Begin PBXVariantGroup section */
		9C3757FD26D55B050013D5F1 /* Main.storyboard */ = {
			isa = PBXVariantGroup;
			children = (
				9C3757FE26D55B050013D5F1 /* Base */,
				9CC480EB26D6AB0700FFF068 /* zh-Hant */,
			);
			name = Main.storyboard;
			sourceTree = "<group>";
		};
		9C37580226D55B0A0013D5F1 /* LaunchScreen.storyboard */ = {
			isa = PBXVariantGroup;
			children = (
				9C37580326D55B0A0013D5F1 /* Base */,
				9CC480EC26D6AB0700FFF068 /* zh-Hant */,
			);
			name = LaunchScreen.storyboard;
			sourceTree = "<group>";
		};
/* End PBXVariantGroup section */

/* Begin XCBuildConfiguration section */
		9C37580626D55B0A0013D5F1 /* Debug */ = {
			isa = XCBuildConfiguration;
			buildSettings = {
				ALWAYS_SEARCH_USER_PATHS = NO;
				CLANG_ANALYZER_LOCALIZABILITY_NONLOCALIZED = YES;
				CLANG_ANALYZER_NONNULL = YES;
				CLANG_ANALYZER_NUMBER_OBJECT_CONVERSION = YES_AGGRESSIVE;
				CLANG_CXX_LANGUAGE_STANDARD = "gnu++14";
				CLANG_CXX_LIBRARY = "libc++";
				CLANG_ENABLE_MODULES = YES;
				CLANG_ENABLE_OBJC_ARC = YES;
				CLANG_ENABLE_OBJC_WEAK = YES;
				CLANG_WARN_BLOCK_CAPTURE_AUTORELEASING = YES;
				CLANG_WARN_BOOL_CONVERSION = YES;
				CLANG_WARN_COMMA = YES;
				CLANG_WARN_CONSTANT_CONVERSION = YES;
				CLANG_WARN_DEPRECATED_OBJC_IMPLEMENTATIONS = YES;
				CLANG_WARN_DIRECT_OBJC_ISA_USAGE = YES_ERROR;
				CLANG_WARN_DOCUMENTATION_COMMENTS = YES;
				CLANG_WARN_EMPTY_BODY = YES;
				CLANG_WARN_ENUM_CONVERSION = YES;
				CLANG_WARN_INFINITE_RECURSION = YES;
				CLANG_WARN_INT_CONVERSION = YES;
				CLANG_WARN_NON_LITERAL_NULL_CONVERSION = YES;
				CLANG_WARN_OBJC_IMPLICIT_RETAIN_SELF = YES;
				CLANG_WARN_OBJC_LITERAL_CONVERSION = YES;
				CLANG_WARN_OBJC_ROOT_CLASS = YES_ERROR;
				CLANG_WARN_QUOTED_INCLUDE_IN_FRAMEWORK_HEADER = YES;
				CLANG_WARN_RANGE_LOOP_ANALYSIS = YES;
				CLANG_WARN_STRICT_PROTOTYPES = YES;
				CLANG_WARN_SUSPICIOUS_MOVE = YES;
				CLANG_WARN_UNGUARDED_AVAILABILITY = YES_AGGRESSIVE;
				CLANG_WARN_UNREACHABLE_CODE = YES;
				CLANG_WARN__DUPLICATE_METHOD_MATCH = YES;
				COPY_PHASE_STRIP = NO;
				DEBUG_INFORMATION_FORMAT = dwarf;
				ENABLE_STRICT_OBJC_MSGSEND = YES;
				ENABLE_TESTABILITY = YES;
				GCC_C_LANGUAGE_STANDARD = gnu11;
				GCC_DYNAMIC_NO_PIC = NO;
				GCC_NO_COMMON_BLOCKS = YES;
				GCC_OPTIMIZATION_LEVEL = 0;
				GCC_PREPROCESSOR_DEFINITIONS = (
					"DEBUG=1",
					"$(inherited)",
				);
				GCC_WARN_64_TO_32_BIT_CONVERSION = YES;
				GCC_WARN_ABOUT_RETURN_TYPE = YES_ERROR;
				GCC_WARN_UNDECLARED_SELECTOR = YES;
				GCC_WARN_UNINITIALIZED_AUTOS = YES_AGGRESSIVE;
				GCC_WARN_UNUSED_FUNCTION = YES;
				GCC_WARN_UNUSED_VARIABLE = YES;
				IPHONEOS_DEPLOYMENT_TARGET = 13.0;
				MTL_ENABLE_DEBUG_INFO = INCLUDE_SOURCE;
				MTL_FAST_MATH = YES;
				ONLY_ACTIVE_ARCH = YES;
				SDKROOT = iphoneos;
				SWIFT_ACTIVE_COMPILATION_CONDITIONS = DEBUG;
				SWIFT_OPTIMIZATION_LEVEL = "-Onone";
			};
			name = Debug;
		};
		9C37580726D55B0A0013D5F1 /* Release */ = {
			isa = XCBuildConfiguration;
			buildSettings = {
				ALWAYS_SEARCH_USER_PATHS = NO;
				CLANG_ANALYZER_LOCALIZABILITY_NONLOCALIZED = YES;
				CLANG_ANALYZER_NONNULL = YES;
				CLANG_ANALYZER_NUMBER_OBJECT_CONVERSION = YES_AGGRESSIVE;
				CLANG_CXX_LANGUAGE_STANDARD = "gnu++14";
				CLANG_CXX_LIBRARY = "libc++";
				CLANG_ENABLE_MODULES = YES;
				CLANG_ENABLE_OBJC_ARC = YES;
				CLANG_ENABLE_OBJC_WEAK = YES;
				CLANG_WARN_BLOCK_CAPTURE_AUTORELEASING = YES;
				CLANG_WARN_BOOL_CONVERSION = YES;
				CLANG_WARN_COMMA = YES;
				CLANG_WARN_CONSTANT_CONVERSION = YES;
				CLANG_WARN_DEPRECATED_OBJC_IMPLEMENTATIONS = YES;
				CLANG_WARN_DIRECT_OBJC_ISA_USAGE = YES_ERROR;
				CLANG_WARN_DOCUMENTATION_COMMENTS = YES;
				CLANG_WARN_EMPTY_BODY = YES;
				CLANG_WARN_ENUM_CONVERSION = YES;
				CLANG_WARN_INFINITE_RECURSION = YES;
				CLANG_WARN_INT_CONVERSION = YES;
				CLANG_WARN_NON_LITERAL_NULL_CONVERSION = YES;
				CLANG_WARN_OBJC_IMPLICIT_RETAIN_SELF = YES;
				CLANG_WARN_OBJC_LITERAL_CONVERSION = YES;
				CLANG_WARN_OBJC_ROOT_CLASS = YES_ERROR;
				CLANG_WARN_QUOTED_INCLUDE_IN_FRAMEWORK_HEADER = YES;
				CLANG_WARN_RANGE_LOOP_ANALYSIS = YES;
				CLANG_WARN_STRICT_PROTOTYPES = YES;
				CLANG_WARN_SUSPICIOUS_MOVE = YES;
				CLANG_WARN_UNGUARDED_AVAILABILITY = YES_AGGRESSIVE;
				CLANG_WARN_UNREACHABLE_CODE = YES;
				CLANG_WARN__DUPLICATE_METHOD_MATCH = YES;
				COPY_PHASE_STRIP = NO;
				DEBUG_INFORMATION_FORMAT = "dwarf-with-dsym";
				ENABLE_NS_ASSERTIONS = NO;
				ENABLE_STRICT_OBJC_MSGSEND = YES;
				GCC_C_LANGUAGE_STANDARD = gnu11;
				GCC_NO_COMMON_BLOCKS = YES;
				GCC_WARN_64_TO_32_BIT_CONVERSION = YES;
				GCC_WARN_ABOUT_RETURN_TYPE = YES_ERROR;
				GCC_WARN_UNDECLARED_SELECTOR = YES;
				GCC_WARN_UNINITIALIZED_AUTOS = YES_AGGRESSIVE;
				GCC_WARN_UNUSED_FUNCTION = YES;
				GCC_WARN_UNUSED_VARIABLE = YES;
				IPHONEOS_DEPLOYMENT_TARGET = 13.0;
				MTL_ENABLE_DEBUG_INFO = NO;
				MTL_FAST_MATH = YES;
				SDKROOT = iphoneos;
				SWIFT_COMPILATION_MODE = wholemodule;
				SWIFT_OPTIMIZATION_LEVEL = "-O";
				VALIDATE_PRODUCT = YES;
			};
			name = Release;
		};
		9C37580926D55B0A0013D5F1 /* Debug */ = {
			isa = XCBuildConfiguration;
			buildSettings = {
				ASSETCATALOG_COMPILER_APPICON_NAME = AppIcon;
				ASSETCATALOG_COMPILER_GLOBAL_ACCENT_COLOR_NAME = AccentColor;
				CODE_SIGN_STYLE = Automatic;
				DEVELOPMENT_TEAM = 5K2D8EVZ5V;
				INFOPLIST_FILE = PaulStore/Info.plist;
				IPHONEOS_DEPLOYMENT_TARGET = 13.0;
				LD_RUNPATH_SEARCH_PATHS = (
					"$(inherited)",
					"@executable_path/Frameworks",
				);
				PRODUCT_BUNDLE_IDENTIFIER = com.paullien.PaulStore;
				PRODUCT_NAME = "$(TARGET_NAME)";
				SWIFT_VERSION = 5.0;
				TARGETED_DEVICE_FAMILY = "1,2";
			};
			name = Debug;
		};
		9C37580A26D55B0A0013D5F1 /* Release */ = {
			isa = XCBuildConfiguration;
			buildSettings = {
				ASSETCATALOG_COMPILER_APPICON_NAME = AppIcon;
				ASSETCATALOG_COMPILER_GLOBAL_ACCENT_COLOR_NAME = AccentColor;
				CODE_SIGN_STYLE = Automatic;
				DEVELOPMENT_TEAM = 5K2D8EVZ5V;
				INFOPLIST_FILE = PaulStore/Info.plist;
				IPHONEOS_DEPLOYMENT_TARGET = 13.0;
				LD_RUNPATH_SEARCH_PATHS = (
					"$(inherited)",
					"@executable_path/Frameworks",
				);
				PRODUCT_BUNDLE_IDENTIFIER = com.paullien.PaulStore;
				PRODUCT_NAME = "$(TARGET_NAME)";
				SWIFT_VERSION = 5.0;
				TARGETED_DEVICE_FAMILY = "1,2";
			};
			name = Release;
		};
/* End XCBuildConfiguration section */

/* Begin XCConfigurationList section */
		9C3757EF26D55B050013D5F1 /* Build configuration list for PBXProject "PaulStore" */ = {
			isa = XCConfigurationList;
			buildConfigurations = (
				9C37580626D55B0A0013D5F1 /* Debug */,
				9C37580726D55B0A0013D5F1 /* Release */,
			);
			defaultConfigurationIsVisible = 0;
			defaultConfigurationName = Release;
		};
		9C37580826D55B0A0013D5F1 /* Build configuration list for PBXNativeTarget "PaulStore" */ = {
			isa = XCConfigurationList;
			buildConfigurations = (
				9C37580926D55B0A0013D5F1 /* Debug */,
				9C37580A26D55B0A0013D5F1 /* Release */,
			);
			defaultConfigurationIsVisible = 0;
			defaultConfigurationName = Release;
		};
/* End XCConfigurationList section */

/* Begin XCRemoteSwiftPackageReference section */
		9CC480ED26D6ABE300FFF068 /* XCRemoteSwiftPackageReference "Alamofire" */ = {
			isa = XCRemoteSwiftPackageReference;
			repositoryURL = "https://github.com/Alamofire/Alamofire.git";
			requirement = {
				kind = upToNextMajorVersion;
				minimumVersion = 5.4.3;
			};
		};
/* End XCRemoteSwiftPackageReference section */

/* Begin XCSwiftPackageProductDependency section */
		9CC480EE26D6ABE300FFF068 /* Alamofire */ = {
			isa = XCSwiftPackageProductDependency;
			package = 9CC480ED26D6ABE300FFF068 /* XCRemoteSwiftPackageReference "Alamofire" */;
			productName = Alamofire;
		};
/* End XCSwiftPackageProductDependency section */
	};
	rootObject = 9C3757EC26D55B050013D5F1 /* Project object */;
}
